
Microsoft Visual Studio Solution File, Format Version 12.00
# Visual Studio 15
VisualStudioVersion = 15.0.27703.2018
MinimumVisualStudioVersion = 10.0.40219.1
Project("{FAE04EC0-301F-11D3-BF4B-00C04F79EFBC}") = "MusicGame", "MusicGame\MusicGame.csproj", "{E649D06D-6512-473D-9C54-6B3EB8435332}"
EndProject
Global
	GlobalSection(SolutionConfigurationPlatforms) = preSolution
		Debug|Any CPU = Debug|Any CPU
		Release|Any CPU = Release|Any CPU
	EndGlobalSection
	GlobalSection(ProjectConfigurationPlatforms) = postSolution
		{E649D06D-6512-473D-9C54-6B3EB8435332}.Debug|Any CPU.ActiveCfg = Debug|Any CPU
		{E649D06D-6512-473D-9C54-6B3EB8435332}.Debug|Any CPU.Build.0 = Debug|Any CPU
		{E649D06D-6512-473D-9C54-6B3EB8435332}.Release|Any CPU.ActiveCfg = Release|Any CPU
		{E649D06D-6512-473D-9C54-6B3EB8435332}.Release|Any CPU.Build.0 = Release|Any CPU
	EndGlobalSection
	GlobalSection(SolutionProperties) = preSolution
		HideSolutionNode = FALSE
	EndGlobalSection
	GlobalSection(ExtensibilityGlobals) = postSolution
		SolutionGuid = {0C6021F3-FE69-4993-9749-4DB521F2B97C}
	EndGlobalSection
EndGlobal
